
Microsoft Visual Studio Solution File, Format Version 12.00
# Visual Studio Version 17
VisualStudioVersion = 17.13.35806.99
MinimumVisualStudioVersion = 10.0.40219.1
Project("{FAE04EC0-301F-11D3-BF4B-00C04F79EFBC}") = "WebApplication1", "WebApplication1\WebApplication1.csproj", "{C6D8C000-8B85-484E-A592-B8B5388710F1}"
EndProject
Project("{FAE04EC0-301F-11D3-BF4B-00C04F79EFBC}") = "TestProject2", "TestProject2\TestProject2.csproj", "{4EE35556-EE88-421E-AD0D-1AD191E2226D}"
EndProject
Global
	GlobalSection(SolutionConfigurationPlatforms) = preSolution
		Debug|Any CPU = Debug|Any CPU
		Release|Any CPU = Release|Any CPU
	EndGlobalSection
	GlobalSection(ProjectConfigurationPlatforms) = postSolution
		{C6D8C000-8B85-484E-A592-B8B5388710F1}.Debug|Any CPU.ActiveCfg = Debug|Any CPU
		{C6D8C000-8B85-484E-A592-B8B5388710F1}.Debug|Any CPU.Build.0 = Debug|Any CPU
		{C6D8C000-8B85-484E-A592-B8B5388710F1}.Release|Any CPU.ActiveCfg = Release|Any CPU
		{C6D8C000-8B85-484E-A592-B8B5388710F1}.Release|Any CPU.Build.0 = Release|Any CPU
		{4EE35556-EE88-421E-AD0D-1AD191E2226D}.Debug|Any CPU.ActiveCfg = Debug|Any CPU
		{4EE35556-EE88-421E-AD0D-1AD191E2226D}.Debug|Any CPU.Build.0 = Debug|Any CPU
		{4EE35556-EE88-421E-AD0D-1AD191E2226D}.Release|Any CPU.ActiveCfg = Release|Any CPU
		{4EE35556-EE88-421E-AD0D-1AD191E2226D}.Release|Any CPU.Build.0 = Release|Any CPU
	EndGlobalSection
	GlobalSection(SolutionProperties) = preSolution
		HideSolutionNode = FALSE
	EndGlobalSection
	GlobalSection(ExtensibilityGlobals) = postSolution
		SolutionGuid = {0B3E4CE7-EC18-464D-B198-86005FE4C7AF}
	EndGlobalSection
EndGlobal
